{
  "nodes": {
    "nixpkgs": {
      "locked": {
        "lastModified": 1670461440,
        "narHash": "sha256-jy1LB8HOMKGJEGXgzFRLDU1CBGL0/LlkolgnqIsF0D8=",
        "owner": "nixos",
        "repo": "nixpkgs",
        "rev": "04a75b2eecc0acf6239acf9dd04485ff8d14f425",
        "type": "github"
      },
      "original": {
        "owner": "nixos",
        "ref": "nixos-22.11",
        "repo": "nixpkgs",
        "type": "github"
      }
    },
    "root": {
      "inputs": {
        "nixpkgs": "nixpkgs",
        "utils": "utils",
        "zola-theme": "zola-theme"
      }
    },
    "utils": {
      "locked": {
        "lastModified": 1634851050,
        "narHash": "sha256-N83GlSGPJJdcqhUxSCS/WwW5pksYf3VP1M13cDRTSVA=",
        "owner": "numtide",
        "repo": "flake-utils",
        "rev": "c91f3de5adaf1de973b797ef7485e441a65b8935",
        "type": "github"
      },
      "original": {
        "owner": "numtide",
        "repo": "flake-utils",
        "type": "github"
      }
    },
    "zola-theme": {
      "flake": false,
      "locked": {
        "lastModified": 1668419108,
        "narHash": "sha256-wui5XaOW4UdRzKY3ZThx5e7fiDld0BZPv+H28L1ydb0=",
        "owner": "pawroman",
        "repo": "zola-theme-terminimal",
        "rev": "eb82877d3d8459a9fa2c295040fdb7fd28fc1ba3",
        "type": "github"
      },
      "original": {
        "owner": "pawroman",
        "repo": "zola-theme-terminimal",
        "type": "github"
      }
    }
  },
  "root": "root",
  "version": 7
}
